
Microsoft Visual Studio Solution File, Format Version 12.00
# Visual Studio Version 16
VisualStudioVersion = 16.0.29318.209
MinimumVisualStudioVersion = 10.0.40219.1
Project("{FAE04EC0-301F-11D3-BF4B-00C04F79EFBC}") = "BackgroundXamarinForms", "BackgroundXamarinForms\BackgroundXamarinForms.csproj", "{6B4EF0F1-5F6C-4A44-BC9C-61F3A0BC6D02}"
EndProject
Global
	GlobalSection(SolutionConfigurationPlatforms) = preSolution
		Debug|Any CPU = Debug|Any CPU
		Release|Any CPU = Release|Any CPU
	EndGlobalSection
	GlobalSection(ProjectConfigurationPlatforms) = postSolution
		{6B4EF0F1-5F6C-4A44-BC9C-61F3A0BC6D02}.Debug|Any CPU.ActiveCfg = Debug|Any CPU
		{6B4EF0F1-5F6C-4A44-BC9C-61F3A0BC6D02}.Debug|Any CPU.Build.0 = Debug|Any CPU
		{6B4EF0F1-5F6C-4A44-BC9C-61F3A0BC6D02}.Release|Any CPU.ActiveCfg = Release|Any CPU
		{6B4EF0F1-5F6C-4A44-BC9C-61F3A0BC6D02}.Release|Any CPU.Build.0 = Release|Any CPU
	EndGlobalSection
	GlobalSection(SolutionProperties) = preSolution
		HideSolutionNode = FALSE
	EndGlobalSection
	GlobalSection(ExtensibilityGlobals) = postSolution
		SolutionGuid = {A8A46CAD-DD46-4B05-B329-052C67B9345A}
	EndGlobalSection
EndGlobal
